
Microsoft Visual Studio Solution File, Format Version 12.00
# Visual Studio 15
VisualStudioVersion = 15.0.28010.2041
MinimumVisualStudioVersion = 10.0.40219.1
Project("{FAE04EC0-301F-11D3-BF4B-00C04F79EFBC}") = "GesclasCNet", "GesclasCNet\GesclasCNet.csproj", "{B8AF7135-8A1E-4AEB-B7CD-180DEED17FC0}"
EndProject
Global
	GlobalSection(SolutionConfigurationPlatforms) = preSolution
		Debug|Any CPU = Debug|Any CPU
		Release|Any CPU = Release|Any CPU
	EndGlobalSection
	GlobalSection(ProjectConfigurationPlatforms) = postSolution
		{B8AF7135-8A1E-4AEB-B7CD-180DEED17FC0}.Debug|Any CPU.ActiveCfg = Debug|Any CPU
		{B8AF7135-8A1E-4AEB-B7CD-180DEED17FC0}.Debug|Any CPU.Build.0 = Debug|Any CPU
		{B8AF7135-8A1E-4AEB-B7CD-180DEED17FC0}.Release|Any CPU.ActiveCfg = Release|Any CPU
		{B8AF7135-8A1E-4AEB-B7CD-180DEED17FC0}.Release|Any CPU.Build.0 = Release|Any CPU
	EndGlobalSection
	GlobalSection(SolutionProperties) = preSolution
		HideSolutionNode = FALSE
	EndGlobalSection
	GlobalSection(ExtensibilityGlobals) = postSolution
		SolutionGuid = {5FD63E3D-189E-49F7-A662-6461CE839DE3}
	EndGlobalSection
EndGlobal
